
Microsoft Visual Studio Solution File, Format Version 12.00
# Visual Studio Version 16
VisualStudioVersion = 16.0.30114.105
MinimumVisualStudioVersion = 10.0.40219.1
Project("{FAE04EC0-301F-11D3-BF4B-00C04F79EFBC}") = "Storeroom.Application", "Storeroom.Application\Storeroom.Application.csproj", "{C75136D6-B148-4A90-8756-F13E159AA6BB}"
EndProject
Project("{FAE04EC0-301F-11D3-BF4B-00C04F79EFBC}") = "Storeroom.Domain", "Storeroom.Domain\Storeroom.Domain.csproj", "{5FF39C25-4DD2-4516-A334-D6660B2D57A5}"
EndProject
Project("{FAE04EC0-301F-11D3-BF4B-00C04F79EFBC}") = "StoreroomAPI", "StoreroomAPI\StoreroomAPI.csproj", "{96398653-51C3-4C6E-AA6D-16B6AE95B02C}"
EndProject
Project("{FAE04EC0-301F-11D3-BF4B-00C04F79EFBC}") = "Storeroom.Persistence", "Storeroom.Persistence\Storeroom.Persistence.csproj", "{5483594D-65BC-43F6-8F03-800C523AEF29}"
EndProject
Global
	GlobalSection(SolutionConfigurationPlatforms) = preSolution
		Debug|Any CPU = Debug|Any CPU
		Debug|x64 = Debug|x64
		Debug|x86 = Debug|x86
		Release|Any CPU = Release|Any CPU
		Release|x64 = Release|x64
		Release|x86 = Release|x86
	EndGlobalSection
	GlobalSection(SolutionProperties) = preSolution
		HideSolutionNode = FALSE
	EndGlobalSection
	GlobalSection(ProjectConfigurationPlatforms) = postSolution
		{C75136D6-B148-4A90-8756-F13E159AA6BB}.Debug|Any CPU.ActiveCfg = Debug|Any CPU
		{C75136D6-B148-4A90-8756-F13E159AA6BB}.Debug|Any CPU.Build.0 = Debug|Any CPU
		{C75136D6-B148-4A90-8756-F13E159AA6BB}.Debug|x64.ActiveCfg = Debug|Any CPU
		{C75136D6-B148-4A90-8756-F13E159AA6BB}.Debug|x64.Build.0 = Debug|Any CPU
		{C75136D6-B148-4A90-8756-F13E159AA6BB}.Debug|x86.ActiveCfg = Debug|Any CPU
		{C75136D6-B148-4A90-8756-F13E159AA6BB}.Debug|x86.Build.0 = Debug|Any CPU
		{C75136D6-B148-4A90-8756-F13E159AA6BB}.Release|Any CPU.ActiveCfg = Release|Any CPU
		{C75136D6-B148-4A90-8756-F13E159AA6BB}.Release|Any CPU.Build.0 = Release|Any CPU
		{C75136D6-B148-4A90-8756-F13E159AA6BB}.Release|x64.ActiveCfg = Release|Any CPU
		{C75136D6-B148-4A90-8756-F13E159AA6BB}.Release|x64.Build.0 = Release|Any CPU
		{C75136D6-B148-4A90-8756-F13E159AA6BB}.Release|x86.ActiveCfg = Release|Any CPU
		{C75136D6-B148-4A90-8756-F13E159AA6BB}.Release|x86.Build.0 = Release|Any CPU
		{5FF39C25-4DD2-4516-A334-D6660B2D57A5}.Debug|Any CPU.ActiveCfg = Debug|Any CPU
		{5FF39C25-4DD2-4516-A334-D6660B2D57A5}.Debug|Any CPU.Build.0 = Debug|Any CPU
		{5FF39C25-4DD2-4516-A334-D6660B2D57A5}.Debug|x64.ActiveCfg = Debug|Any CPU
		{5FF39C25-4DD2-4516-A334-D6660B2D57A5}.Debug|x64.Build.0 = Debug|Any CPU
		{5FF39C25-4DD2-4516-A334-D6660B2D57A5}.Debug|x86.ActiveCfg = Debug|Any CPU
		{5FF39C25-4DD2-4516-A334-D6660B2D57A5}.Debug|x86.Build.0 = Debug|Any CPU
		{5FF39C25-4DD2-4516-A334-D6660B2D57A5}.Release|Any CPU.ActiveCfg = Release|Any CPU
		{5FF39C25-4DD2-4516-A334-D6660B2D57A5}.Release|Any CPU.Build.0 = Release|Any CPU
		{5FF39C25-4DD2-4516-A334-D6660B2D57A5}.Release|x64.ActiveCfg = Release|Any CPU
		{5FF39C25-4DD2-4516-A334-D6660B2D57A5}.Release|x64.Build.0 = Release|Any CPU
		{5FF39C25-4DD2-4516-A334-D6660B2D57A5}.Release|x86.ActiveCfg = Release|Any CPU
		{5FF39C25-4DD2-4516-A334-D6660B2D57A5}.Release|x86.Build.0 = Release|Any CPU
		{96398653-51C3-4C6E-AA6D-16B6AE95B02C}.Debug|Any CPU.ActiveCfg = Debug|Any CPU
		{96398653-51C3-4C6E-AA6D-16B6AE95B02C}.Debug|Any CPU.Build.0 = Debug|Any CPU
		{96398653-51C3-4C6E-AA6D-16B6AE95B02C}.Debug|x64.ActiveCfg = Debug|Any CPU
		{96398653-51C3-4C6E-AA6D-16B6AE95B02C}.Debug|x64.Build.0 = Debug|Any CPU
		{96398653-51C3-4C6E-AA6D-16B6AE95B02C}.Debug|x86.ActiveCfg = Debug|Any CPU
		{96398653-51C3-4C6E-AA6D-16B6AE95B02C}.Debug|x86.Build.0 = Debug|Any CPU
		{96398653-51C3-4C6E-AA6D-16B6AE95B02C}.Release|Any CPU.ActiveCfg = Release|Any CPU
		{96398653-51C3-4C6E-AA6D-16B6AE95B02C}.Release|Any CPU.Build.0 = Release|Any CPU
		{96398653-51C3-4C6E-AA6D-16B6AE95B02C}.Release|x64.ActiveCfg = Release|Any CPU
		{96398653-51C3-4C6E-AA6D-16B6AE95B02C}.Release|x64.Build.0 = Release|Any CPU
		{96398653-51C3-4C6E-AA6D-16B6AE95B02C}.Release|x86.ActiveCfg = Release|Any CPU
		{96398653-51C3-4C6E-AA6D-16B6AE95B02C}.Release|x86.Build.0 = Release|Any CPU
		{5483594D-65BC-43F6-8F03-800C523AEF29}.Debug|Any CPU.ActiveCfg = Debug|Any CPU
		{5483594D-65BC-43F6-8F03-800C523AEF29}.Debug|Any CPU.Build.0 = Debug|Any CPU
		{5483594D-65BC-43F6-8F03-800C523AEF29}.Debug|x64.ActiveCfg = Debug|Any CPU
		{5483594D-65BC-43F6-8F03-800C523AEF29}.Debug|x64.Build.0 = Debug|Any CPU
		{5483594D-65BC-43F6-8F03-800C523AEF29}.Debug|x86.ActiveCfg = Debug|Any CPU
		{5483594D-65BC-43F6-8F03-800C523AEF29}.Debug|x86.Build.0 = Debug|Any CPU
		{5483594D-65BC-43F6-8F03-800C523AEF29}.Release|Any CPU.ActiveCfg = Release|Any CPU
		{5483594D-65BC-43F6-8F03-800C523AEF29}.Release|Any CPU.Build.0 = Release|Any CPU
		{5483594D-65BC-43F6-8F03-800C523AEF29}.Release|x64.ActiveCfg = Release|Any CPU
		{5483594D-65BC-43F6-8F03-800C523AEF29}.Release|x64.Build.0 = Release|Any CPU
		{5483594D-65BC-43F6-8F03-800C523AEF29}.Release|x86.ActiveCfg = Release|Any CPU
		{5483594D-65BC-43F6-8F03-800C523AEF29}.Release|x86.Build.0 = Release|Any CPU
	EndGlobalSection
EndGlobal
